
Microsoft Visual Studio Solution File, Format Version 12.00
# Visual Studio Version 17
VisualStudioVersion = 17.10.34928.147
MinimumVisualStudioVersion = 10.0.40219.1
Project("{9A19103F-16F7-4668-BE54-9A1E7A4F7556}") = "Exercicio-19-06-Zoologico", "Exercicio-19-06\Exercicio-19-06-Zoologico.csproj", "{9718188B-D5DE-4651-95A1-DCAA90B7E23D}"
EndProject
Project("{FAE04EC0-301F-11D3-BF4B-00C04F79EFBC}") = "Zoologico.Domain", "Zoologico.Domain\Zoologico.Domain.csproj", "{BD274FD2-D4AF-40ED-B4F2-A30A1EF57CF4}"
EndProject
Project("{FAE04EC0-301F-11D3-BF4B-00C04F79EFBC}") = "Biblioteca.Domain", "Biblioteca.Domain\Biblioteca.Domain.csproj", "{15D6C73B-84BE-4C0A-AB29-FA30FACDEF6A}"
EndProject
Project("{FAE04EC0-301F-11D3-BF4B-00C04F79EFBC}") = "MainConsole", "MainConsole\MainConsole.csproj", "{36F57867-BE58-46E9-A713-A630E969F68F}"
EndProject
Project("{FAE04EC0-301F-11D3-BF4B-00C04F79EFBC}") = "BibliotecaConsole.Domain", "BibliotecaConsole.Domain\BibliotecaConsole.Domain.csproj", "{E87F3619-56A3-4957-B693-63D2EF90CFB4}"
EndProject
Global
	GlobalSection(SolutionConfigurationPlatforms) = preSolution
		Debug|Any CPU = Debug|Any CPU
		Release|Any CPU = Release|Any CPU
	EndGlobalSection
	GlobalSection(ProjectConfigurationPlatforms) = postSolution
		{9718188B-D5DE-4651-95A1-DCAA90B7E23D}.Debug|Any CPU.ActiveCfg = Debug|Any CPU
		{9718188B-D5DE-4651-95A1-DCAA90B7E23D}.Debug|Any CPU.Build.0 = Debug|Any CPU
		{9718188B-D5DE-4651-95A1-DCAA90B7E23D}.Release|Any CPU.ActiveCfg = Release|Any CPU
		{9718188B-D5DE-4651-95A1-DCAA90B7E23D}.Release|Any CPU.Build.0 = Release|Any CPU
		{BD274FD2-D4AF-40ED-B4F2-A30A1EF57CF4}.Debug|Any CPU.ActiveCfg = Debug|Any CPU
		{BD274FD2-D4AF-40ED-B4F2-A30A1EF57CF4}.Debug|Any CPU.Build.0 = Debug|Any CPU
		{BD274FD2-D4AF-40ED-B4F2-A30A1EF57CF4}.Release|Any CPU.ActiveCfg = Release|Any CPU
		{BD274FD2-D4AF-40ED-B4F2-A30A1EF57CF4}.Release|Any CPU.Build.0 = Release|Any CPU
		{15D6C73B-84BE-4C0A-AB29-FA30FACDEF6A}.Debug|Any CPU.ActiveCfg = Debug|Any CPU
		{15D6C73B-84BE-4C0A-AB29-FA30FACDEF6A}.Debug|Any CPU.Build.0 = Debug|Any CPU
		{15D6C73B-84BE-4C0A-AB29-FA30FACDEF6A}.Release|Any CPU.ActiveCfg = Release|Any CPU
		{15D6C73B-84BE-4C0A-AB29-FA30FACDEF6A}.Release|Any CPU.Build.0 = Release|Any CPU
		{36F57867-BE58-46E9-A713-A630E969F68F}.Debug|Any CPU.ActiveCfg = Debug|Any CPU
		{36F57867-BE58-46E9-A713-A630E969F68F}.Debug|Any CPU.Build.0 = Debug|Any CPU
		{36F57867-BE58-46E9-A713-A630E969F68F}.Release|Any CPU.ActiveCfg = Release|Any CPU
		{36F57867-BE58-46E9-A713-A630E969F68F}.Release|Any CPU.Build.0 = Release|Any CPU
		{E87F3619-56A3-4957-B693-63D2EF90CFB4}.Debug|Any CPU.ActiveCfg = Debug|Any CPU
		{E87F3619-56A3-4957-B693-63D2EF90CFB4}.Debug|Any CPU.Build.0 = Debug|Any CPU
		{E87F3619-56A3-4957-B693-63D2EF90CFB4}.Release|Any CPU.ActiveCfg = Release|Any CPU
		{E87F3619-56A3-4957-B693-63D2EF90CFB4}.Release|Any CPU.Build.0 = Release|Any CPU
	EndGlobalSection
	GlobalSection(SolutionProperties) = preSolution
		HideSolutionNode = FALSE
	EndGlobalSection
	GlobalSection(ExtensibilityGlobals) = postSolution
		SolutionGuid = {1E6BFBE7-455F-4E05-8C57-7A3982752F3E}
	EndGlobalSection
EndGlobal
