
Microsoft Visual Studio Solution File, Format Version 12.00
# Visual Studio Version 17
VisualStudioVersion = 17.10.34928.147
MinimumVisualStudioVersion = 10.0.40219.1
Project("{9A19103F-16F7-4668-BE54-9A1E7A4F7556}") = "Exercicio-19-06", "Exercicio-19-06\Exercicio-19-06.csproj", "{9718188B-D5DE-4651-95A1-DCAA90B7E23D}"
EndProject
Project("{FAE04EC0-301F-11D3-BF4B-00C04F79EFBC}") = "TestNewProjectAtSameSolution", "TestNewProjectAtSameSolution\TestNewProjectAtSameSolution.csproj", "{A8E04FE7-D14B-4374-A617-B898A98E2438}"
EndProject
Global
	GlobalSection(SolutionConfigurationPlatforms) = preSolution
		Debug|Any CPU = Debug|Any CPU
		Release|Any CPU = Release|Any CPU
	EndGlobalSection
	GlobalSection(ProjectConfigurationPlatforms) = postSolution
		{9718188B-D5DE-4651-95A1-DCAA90B7E23D}.Debug|Any CPU.ActiveCfg = Debug|Any CPU
		{9718188B-D5DE-4651-95A1-DCAA90B7E23D}.Debug|Any CPU.Build.0 = Debug|Any CPU
		{9718188B-D5DE-4651-95A1-DCAA90B7E23D}.Release|Any CPU.ActiveCfg = Release|Any CPU
		{9718188B-D5DE-4651-95A1-DCAA90B7E23D}.Release|Any CPU.Build.0 = Release|Any CPU
		{A8E04FE7-D14B-4374-A617-B898A98E2438}.Debug|Any CPU.ActiveCfg = Debug|Any CPU
		{A8E04FE7-D14B-4374-A617-B898A98E2438}.Debug|Any CPU.Build.0 = Debug|Any CPU
		{A8E04FE7-D14B-4374-A617-B898A98E2438}.Release|Any CPU.ActiveCfg = Release|Any CPU
		{A8E04FE7-D14B-4374-A617-B898A98E2438}.Release|Any CPU.Build.0 = Release|Any CPU
	EndGlobalSection
	GlobalSection(SolutionProperties) = preSolution
		HideSolutionNode = FALSE
	EndGlobalSection
	GlobalSection(ExtensibilityGlobals) = postSolution
		SolutionGuid = {1E6BFBE7-455F-4E05-8C57-7A3982752F3E}
	EndGlobalSection
EndGlobal
